
Microsoft Visual Studio Solution File, Format Version 12.00
# Visual Studio 15
VisualStudioVersion = 15.0.26228.9
MinimumVisualStudioVersion = 10.0.40219.1
Project("{FAE04EC0-301F-11D3-BF4B-00C04F79EFBC}") = "K4Y.AMCAS.DataExchange.DesktopClient", "K4Y.AMCAS.DataExchange.DesktopClient\K4Y.AMCAS.DataExchange.DesktopClient.csproj", "{4517C7A8-59D4-4027-B5CB-9D061BE0498C}"
EndProject
Project("{FAE04EC0-301F-11D3-BF4B-00C04F79EFBC}") = "K4yAmcasSync", "K4yAmcasSync\K4yAmcasSync.csproj", "{740C23B0-4E61-4093-B067-D0D1C212605A}"
EndProject
Project("{FAE04EC0-301F-11D3-BF4B-00C04F79EFBC}") = "K4Y.AMCAS.DataExchange.DataModel", "K4Y.AMCAS.DataExchange.DataModel\K4Y.AMCAS.DataExchange.DataModel.csproj", "{3936B561-85F3-4758-B8BD-51652E31387A}"
EndProject
Project("{FAE04EC0-301F-11D3-BF4B-00C04F79EFBC}") = "K4Y.AMCAS.DataExchange.RestApi", "K4Y.AMCAS.DataExchange.RestApi\K4Y.AMCAS.DataExchange.RestApi.csproj", "{BD753CC5-489F-4BB6-96B8-2945D2905762}"
EndProject
Project("{FAE04EC0-301F-11D3-BF4B-00C04F79EFBC}") = "K4Y.AMCAS.DataExchange.DataStore", "K4Y.AMCAS.DataExchange.DataStore\K4Y.AMCAS.DataExchange.DataStore.csproj", "{171DE182-224A-4B90-BF8B-6E2EE9E3DCB1}"
EndProject
Project("{FAE04EC0-301F-11D3-BF4B-00C04F79EFBC}") = "K4Y.AMCAS.DataExchange.WebClient", "K4Y.AMCAS.DataExchange.WebClient\K4Y.AMCAS.DataExchange.WebClient.csproj", "{378A11D5-4031-4C32-A80F-4A897139E185}"
EndProject
Project("{FAE04EC0-301F-11D3-BF4B-00C04F79EFBC}") = "K4Y.AMCAS.DataExchange.RestApi.Tests", "K4Y.AMCAS.DataExchange.RestApi.Tests\K4Y.AMCAS.DataExchange.RestApi.Tests.csproj", "{CF9A284A-DFB6-410E-A90D-343640F15B83}"
EndProject
Global
	GlobalSection(SolutionConfigurationPlatforms) = preSolution
		Debug|Any CPU = Debug|Any CPU
		Release|Any CPU = Release|Any CPU
	EndGlobalSection
	GlobalSection(ProjectConfigurationPlatforms) = postSolution
		{4517C7A8-59D4-4027-B5CB-9D061BE0498C}.Debug|Any CPU.ActiveCfg = Debug|Any CPU
		{4517C7A8-59D4-4027-B5CB-9D061BE0498C}.Debug|Any CPU.Build.0 = Debug|Any CPU
		{4517C7A8-59D4-4027-B5CB-9D061BE0498C}.Release|Any CPU.ActiveCfg = Release|Any CPU
		{4517C7A8-59D4-4027-B5CB-9D061BE0498C}.Release|Any CPU.Build.0 = Release|Any CPU
		{740C23B0-4E61-4093-B067-D0D1C212605A}.Debug|Any CPU.ActiveCfg = Debug|Any CPU
		{740C23B0-4E61-4093-B067-D0D1C212605A}.Debug|Any CPU.Build.0 = Debug|Any CPU
		{740C23B0-4E61-4093-B067-D0D1C212605A}.Release|Any CPU.ActiveCfg = Release|Any CPU
		{740C23B0-4E61-4093-B067-D0D1C212605A}.Release|Any CPU.Build.0 = Release|Any CPU
		{3936B561-85F3-4758-B8BD-51652E31387A}.Debug|Any CPU.ActiveCfg = Debug|Any CPU
		{3936B561-85F3-4758-B8BD-51652E31387A}.Debug|Any CPU.Build.0 = Debug|Any CPU
		{3936B561-85F3-4758-B8BD-51652E31387A}.Release|Any CPU.ActiveCfg = Release|Any CPU
		{3936B561-85F3-4758-B8BD-51652E31387A}.Release|Any CPU.Build.0 = Release|Any CPU
		{BD753CC5-489F-4BB6-96B8-2945D2905762}.Debug|Any CPU.ActiveCfg = Debug|Any CPU
		{BD753CC5-489F-4BB6-96B8-2945D2905762}.Debug|Any CPU.Build.0 = Debug|Any CPU
		{BD753CC5-489F-4BB6-96B8-2945D2905762}.Release|Any CPU.ActiveCfg = Release|Any CPU
		{BD753CC5-489F-4BB6-96B8-2945D2905762}.Release|Any CPU.Build.0 = Release|Any CPU
		{171DE182-224A-4B90-BF8B-6E2EE9E3DCB1}.Debug|Any CPU.ActiveCfg = Debug|Any CPU
		{171DE182-224A-4B90-BF8B-6E2EE9E3DCB1}.Debug|Any CPU.Build.0 = Debug|Any CPU
		{171DE182-224A-4B90-BF8B-6E2EE9E3DCB1}.Release|Any CPU.ActiveCfg = Release|Any CPU
		{171DE182-224A-4B90-BF8B-6E2EE9E3DCB1}.Release|Any CPU.Build.0 = Release|Any CPU
		{378A11D5-4031-4C32-A80F-4A897139E185}.Debug|Any CPU.ActiveCfg = Debug|Any CPU
		{378A11D5-4031-4C32-A80F-4A897139E185}.Debug|Any CPU.Build.0 = Debug|Any CPU
		{378A11D5-4031-4C32-A80F-4A897139E185}.Release|Any CPU.ActiveCfg = Release|Any CPU
		{378A11D5-4031-4C32-A80F-4A897139E185}.Release|Any CPU.Build.0 = Release|Any CPU
		{CF9A284A-DFB6-410E-A90D-343640F15B83}.Debug|Any CPU.ActiveCfg = Debug|Any CPU
		{CF9A284A-DFB6-410E-A90D-343640F15B83}.Debug|Any CPU.Build.0 = Debug|Any CPU
		{CF9A284A-DFB6-410E-A90D-343640F15B83}.Release|Any CPU.ActiveCfg = Release|Any CPU
		{CF9A284A-DFB6-410E-A90D-343640F15B83}.Release|Any CPU.Build.0 = Release|Any CPU
	EndGlobalSection
	GlobalSection(SolutionProperties) = preSolution
		HideSolutionNode = FALSE
	EndGlobalSection
	GlobalSection(ExtensibilityGlobals) = postSolution
		SolutionGuid = {0A0B458A-25E9-4B87-9ACB-7839E039A9B3}
	EndGlobalSection
EndGlobal
